
Microsoft Visual Studio Solution File, Format Version 12.00
# Visual Studio Version 17
VisualStudioVersion = 17.8.34525.116
MinimumVisualStudioVersion = 10.0.40219.1
Project("{9A19103F-16F7-4668-BE54-9A1E7A4F7556}") = "EnviromentProject", "EnviromentProject\EnviromentProject.csproj", "{58F72AEE-41C6-46DB-9FB1-43EB15F4B62D}"
EndProject
Project("{FAE04EC0-301F-11D3-BF4B-00C04F79EFBC}") = "TestProject", "TestProject\TestProject.csproj", "{F1E7570A-A7AF-4FC5-A334-B037BB5A0B01}"
EndProject
Global
	GlobalSection(SolutionConfigurationPlatforms) = preSolution
		Debug|Any CPU = Debug|Any CPU
		Release|Any CPU = Release|Any CPU
	EndGlobalSection
	GlobalSection(ProjectConfigurationPlatforms) = postSolution
		{58F72AEE-41C6-46DB-9FB1-43EB15F4B62D}.Debug|Any CPU.ActiveCfg = Debug|Any CPU
		{58F72AEE-41C6-46DB-9FB1-43EB15F4B62D}.Debug|Any CPU.Build.0 = Debug|Any CPU
		{58F72AEE-41C6-46DB-9FB1-43EB15F4B62D}.Release|Any CPU.ActiveCfg = Release|Any CPU
		{58F72AEE-41C6-46DB-9FB1-43EB15F4B62D}.Release|Any CPU.Build.0 = Release|Any CPU
		{F1E7570A-A7AF-4FC5-A334-B037BB5A0B01}.Debug|Any CPU.ActiveCfg = Debug|Any CPU
		{F1E7570A-A7AF-4FC5-A334-B037BB5A0B01}.Debug|Any CPU.Build.0 = Debug|Any CPU
		{F1E7570A-A7AF-4FC5-A334-B037BB5A0B01}.Release|Any CPU.ActiveCfg = Release|Any CPU
		{F1E7570A-A7AF-4FC5-A334-B037BB5A0B01}.Release|Any CPU.Build.0 = Release|Any CPU
	EndGlobalSection
	GlobalSection(SolutionProperties) = preSolution
		HideSolutionNode = FALSE
	EndGlobalSection
	GlobalSection(ExtensibilityGlobals) = postSolution
		SolutionGuid = {1AD1589E-3D13-44A6-B289-7DC9DD162A41}
	EndGlobalSection
EndGlobal
